
Microsoft Visual Studio Solution File, Format Version 12.00
# Visual Studio Version 18
VisualStudioVersion = 18.6.11819.183
MinimumVisualStudioVersion = 10.0.40219.1
Project("{FAE04EC0-301F-11D3-BF4B-00C04F79EFBC}") = "MyraTexturePacker.Tests", "MyraTexturePacker.Tests\MyraTexturePacker.Tests.csproj", "{90947DC7-A02C-445E-A107-FD03429F326F}"
EndProject
Project("{FAE04EC0-301F-11D3-BF4B-00C04F79EFBC}") = "MyraTexturePacker", "MyraTexturePacker\MyraTexturePacker.csproj", "{9728B82C-5125-2558-54BD-A768DE2CD3DE}"
EndProject
Global
	GlobalSection(SolutionConfigurationPlatforms) = preSolution
		Debug|Any CPU = Debug|Any CPU
		Release|Any CPU = Release|Any CPU
	EndGlobalSection
	GlobalSection(ProjectConfigurationPlatforms) = postSolution
		{90947DC7-A02C-445E-A107-FD03429F326F}.Debug|Any CPU.ActiveCfg = Debug|Any CPU
		{90947DC7-A02C-445E-A107-FD03429F326F}.Debug|Any CPU.Build.0 = Debug|Any CPU
		{90947DC7-A02C-445E-A107-FD03429F326F}.Release|Any CPU.ActiveCfg = Release|Any CPU
		{90947DC7-A02C-445E-A107-FD03429F326F}.Release|Any CPU.Build.0 = Release|Any CPU
		{9728B82C-5125-2558-54BD-A768DE2CD3DE}.Debug|Any CPU.ActiveCfg = Debug|Any CPU
		{9728B82C-5125-2558-54BD-A768DE2CD3DE}.Debug|Any CPU.Build.0 = Debug|Any CPU
		{9728B82C-5125-2558-54BD-A768DE2CD3DE}.Release|Any CPU.ActiveCfg = Release|Any CPU
		{9728B82C-5125-2558-54BD-A768DE2CD3DE}.Release|Any CPU.Build.0 = Release|Any CPU
	EndGlobalSection
	GlobalSection(SolutionProperties) = preSolution
		HideSolutionNode = FALSE
	EndGlobalSection
	GlobalSection(ExtensibilityGlobals) = postSolution
		SolutionGuid = {C9C812E7-F89A-4B6E-8F9D-981D5F8BBAB3}
	EndGlobalSection
EndGlobal
